{
    "_readme": [
        "This file locks the dependencies of your project to a known state",
        "Read more about it at https://getcomposer.org/doc/01-basic-usage.md#composer-lock-the-lock-file",
        "This file is @generated automatically"
    ],
    "hash": "4032f9a7678ad10ae1a13e7369f85d34",
    "content-hash": "a243a4e7654fee2a753e9fd9e0f4aec1",
    "packages": [],
    "packages-dev": [],
    "aliases": [],
    "minimum-stability": "stable",
    "stability-flags": [],
    "prefer-stable": false,
    "prefer-lowest": false,
    "platform": {
        "ext-mysql": "*",
        "ext-mbstring": "*"
    },
    "platform-dev": []
}
